<Solution>
  <Project Path="TutorPlatform.API/TutorPlatform.API.csproj" Id="e7ade76b-744f-4db4-85a6-dec05e5a0a77" />
  <Project Path="TutorPlatform.Application/TutorPlatform.Application.csproj" Id="e4197420-bca7-45eb-97b6-fc856f523aff" />
  <Project Path="TutorPlatform.Domain/TutorPlatform.Domain.csproj" />
  <Project Path="TutorPlatform.Infrastructure/TutorPlatform.Infrastructure.csproj" Id="8949847e-347d-4d99-a49f-8d6922c59399" />
</Solution>
